
Microsoft Visual Studio Solution File, Format Version 12.00
# Visual Studio Version 17
VisualStudioVersion = 17.8.34511.84
MinimumVisualStudioVersion = 10.0.40219.1
Project("{9A19103F-16F7-4668-BE54-9A1E7A4F7556}") = "EggEgg.Shell", "src\EggEgg.Shell\EggEgg.Shell.csproj", "{44C35A59-B183-4B2C-A03D-68D64FF08AC3}"
EndProject
Project("{9A19103F-16F7-4668-BE54-9A1E7A4F7556}") = "EggEgg.Shell.Hosting", "src\EggEgg.Shell.Hosting\EggEgg.Shell.Hosting.csproj", "{68B1E487-C029-4670-B6F3-A755E9612906}"
EndProject
Project("{9A19103F-16F7-4668-BE54-9A1E7A4F7556}") = "ShellExample", "src\ShellExample\ShellExample.csproj", "{B8510112-3F74-4123-928B-521EE652A130}"
EndProject
Project("{9A19103F-16F7-4668-BE54-9A1E7A4F7556}") = "ShellHostingExample", "src\ShellHostingExample\ShellHostingExample.csproj", "{2154AEC5-AD20-4CB6-AC0C-847A9E5C39BF}"
EndProject
Project("{9A19103F-16F7-4668-BE54-9A1E7A4F7556}") = "EggEgg.Shell.Tests", "C:\Users\Admin\source\repos\YYHEggEgg\csharp-shell\src\EggEgg.Shell.Tests\EggEgg.Shell.Tests.csproj", "{F623361A-F590-4BFC-9FB0-C348B4B73EF6}"
EndProject
Project("{2150E333-8FDC-42A3-9474-1A3956D46DE8}") = "src", "src", "{CA931D07-0DFA-495E-859B-65A33135D671}"
EndProject
Project("{FAE04EC0-301F-11D3-BF4B-00C04F79EFBC}") = "EggEgg.Shell.Benchmark", "src\EggEgg.Shell.Benchmark\EggEgg.Shell.Benchmark.csproj", "{D25F633E-CEA3-462E-9AD4-A55B275335A7}"
EndProject
Global
	GlobalSection(SolutionConfigurationPlatforms) = preSolution
		Debug|Any CPU = Debug|Any CPU
		Release|Any CPU = Release|Any CPU
	EndGlobalSection
	GlobalSection(ProjectConfigurationPlatforms) = postSolution
		{44C35A59-B183-4B2C-A03D-68D64FF08AC3}.Debug|Any CPU.ActiveCfg = Debug|Any CPU
		{44C35A59-B183-4B2C-A03D-68D64FF08AC3}.Debug|Any CPU.Build.0 = Debug|Any CPU
		{44C35A59-B183-4B2C-A03D-68D64FF08AC3}.Release|Any CPU.ActiveCfg = Release|Any CPU
		{44C35A59-B183-4B2C-A03D-68D64FF08AC3}.Release|Any CPU.Build.0 = Release|Any CPU
		{68B1E487-C029-4670-B6F3-A755E9612906}.Debug|Any CPU.ActiveCfg = Debug|Any CPU
		{68B1E487-C029-4670-B6F3-A755E9612906}.Debug|Any CPU.Build.0 = Debug|Any CPU
		{68B1E487-C029-4670-B6F3-A755E9612906}.Release|Any CPU.ActiveCfg = Release|Any CPU
		{68B1E487-C029-4670-B6F3-A755E9612906}.Release|Any CPU.Build.0 = Release|Any CPU
		{B8510112-3F74-4123-928B-521EE652A130}.Debug|Any CPU.ActiveCfg = Debug|Any CPU
		{B8510112-3F74-4123-928B-521EE652A130}.Debug|Any CPU.Build.0 = Debug|Any CPU
		{B8510112-3F74-4123-928B-521EE652A130}.Release|Any CPU.ActiveCfg = Release|Any CPU
		{B8510112-3F74-4123-928B-521EE652A130}.Release|Any CPU.Build.0 = Release|Any CPU
		{2154AEC5-AD20-4CB6-AC0C-847A9E5C39BF}.Debug|Any CPU.ActiveCfg = Debug|Any CPU
		{2154AEC5-AD20-4CB6-AC0C-847A9E5C39BF}.Debug|Any CPU.Build.0 = Debug|Any CPU
		{2154AEC5-AD20-4CB6-AC0C-847A9E5C39BF}.Release|Any CPU.ActiveCfg = Release|Any CPU
		{2154AEC5-AD20-4CB6-AC0C-847A9E5C39BF}.Release|Any CPU.Build.0 = Release|Any CPU
		{F623361A-F590-4BFC-9FB0-C348B4B73EF6}.Debug|Any CPU.ActiveCfg = Debug|Any CPU
		{F623361A-F590-4BFC-9FB0-C348B4B73EF6}.Debug|Any CPU.Build.0 = Debug|Any CPU
		{F623361A-F590-4BFC-9FB0-C348B4B73EF6}.Release|Any CPU.ActiveCfg = Release|Any CPU
		{F623361A-F590-4BFC-9FB0-C348B4B73EF6}.Release|Any CPU.Build.0 = Release|Any CPU
		{D25F633E-CEA3-462E-9AD4-A55B275335A7}.Debug|Any CPU.ActiveCfg = Debug|Any CPU
		{D25F633E-CEA3-462E-9AD4-A55B275335A7}.Debug|Any CPU.Build.0 = Debug|Any CPU
		{D25F633E-CEA3-462E-9AD4-A55B275335A7}.Release|Any CPU.ActiveCfg = Release|Any CPU
		{D25F633E-CEA3-462E-9AD4-A55B275335A7}.Release|Any CPU.Build.0 = Release|Any CPU
	EndGlobalSection
	GlobalSection(SolutionProperties) = preSolution
		HideSolutionNode = FALSE
	EndGlobalSection
	GlobalSection(ExtensibilityGlobals) = postSolution
		SolutionGuid = {7FF5CA6F-0372-4042-A12B-6A4FFB220C47}
	EndGlobalSection
	GlobalSection(NestedProjects) = preSolution
		{D25F633E-CEA3-462E-9AD4-A55B275335A7} = {CA931D07-0DFA-495E-859B-65A33135D671}
	EndGlobalSection
EndGlobal
